
Microsoft Visual Studio Solution File, Format Version 12.00
# Visual Studio Version 17
VisualStudioVersion = 17.8.34330.188
MinimumVisualStudioVersion = 10.0.40219.1
Project("{9A19103F-16F7-4668-BE54-9A1E7A4F7556}") = "Design Patterns", "Design Patterns\Design Patterns.csproj", "{D5822004-0393-4D35-915B-969F1D3C6A95}"
EndProject
Global
	GlobalSection(SolutionConfigurationPlatforms) = preSolution
		Debug|Any CPU = Debug|Any CPU
		Release|Any CPU = Release|Any CPU
	EndGlobalSection
	GlobalSection(ProjectConfigurationPlatforms) = postSolution
		{D5822004-0393-4D35-915B-969F1D3C6A95}.Debug|Any CPU.ActiveCfg = Debug|Any CPU
		{D5822004-0393-4D35-915B-969F1D3C6A95}.Debug|Any CPU.Build.0 = Debug|Any CPU
		{D5822004-0393-4D35-915B-969F1D3C6A95}.Release|Any CPU.ActiveCfg = Release|Any CPU
		{D5822004-0393-4D35-915B-969F1D3C6A95}.Release|Any CPU.Build.0 = Release|Any CPU
	EndGlobalSection
	GlobalSection(SolutionProperties) = preSolution
		HideSolutionNode = FALSE
	EndGlobalSection
	GlobalSection(ExtensibilityGlobals) = postSolution
		SolutionGuid = {2D4A8F5E-7081-478B-A9A4-E4791929803D}
	EndGlobalSection
EndGlobal
